{
  "name": "thestats_bot",
  "version": "1.0.0",
  "lockfileVersion": 1,
  "requires": true,
  "dependencies": {
    "chart.js": {
      "version": "2.9.4",
      "resolved": "https://registry.npmjs.org/chart.js/-/chart.js-2.9.4.tgz",
      "integrity": "sha512-B07aAzxcrikjAPyV+01j7BmOpxtQETxTSlQ26BEYJ+3iUkbNKaOJ/nDbT6JjyqYxseM0ON12COHYdU2cTIjC7A==",
      "requires": {
        "chartjs-color": "^2.1.0",
        "moment": "^2.10.2"
      }
    },
    "chartjs-color": {
      "version": "2.1.0",
      "resolved": "https://registry.npmjs.org/chartjs-color/-/chartjs-color-2.1.0.tgz",
      "integrity": "sha1-nDmsgwzNmJlq6AyfEQhv8SyYp1Y="
    },
    "chartjs-node": {
      "version": "1.4.1",
      "resolved": "https://registry.npmjs.org/chartjs-node/-/chartjs-node-1.4.1.tgz",
      "integrity": "sha1-2qFi4n2SAnUCwQ+NzyFjPLUU1nw="
    },
    "dotenv": {
      "version": "4.0.0",
      "resolved": "https://registry.npmjs.org/dotenv/-/dotenv-4.0.0.tgz",
      "integrity": "sha1-hk7xN5rO1Vzm+V3r7NzhefegzR0="
    },
    "moment": {
      "version": "2.18.1",
      "resolved": "https://registry.npmjs.org/moment/-/moment-2.18.1.tgz",
      "integrity": "sha1-w2GT3Tzhwu7SrbfIAtu8d6gbHA8="
    },
    "mongoose": {
      "version": "4.11.0",
      "resolved": "https://registry.npmjs.org/mongoose/-/mongoose-4.11.0.tgz",
      "integrity": "sha1-du3FGVlSD0arbzIhVoM736NaK8A="
    },
    "telegraf": {
      "version": "3.7.4",
      "resolved": "https://registry.npmjs.org/telegraf/-/telegraf-3.7.4.tgz",
      "integrity": "sha1-zlYdxhkbr5qXvyjchyRiTsoD2Q4="
    }
  }
}
